{
  "nodes": {
    "base16-schemes": {
      "flake": false,
      "locked": {
        "lastModified": 1696158499,
        "narHash": "sha256-5yIHgDTPjoX/3oDEfLSQ0eJZdFL1SaCfb9d6M0RmOTM=",
        "owner": "tinted-theming",
        "repo": "base16-schemes",
        "rev": "a9112eaae86d9dd8ee6bb9445b664fba2f94037a",
        "type": "github"
      },
      "original": {
        "owner": "tinted-theming",
        "repo": "base16-schemes",
        "type": "github"
      }
    },
    "flake-parts": {
      "inputs": {
        "nixpkgs-lib": [
          "nixvim",
          "nixpkgs"
        ]
      },
      "locked": {
        "lastModified": 1749398372,
        "narHash": "sha256-tYBdgS56eXYaWVW3fsnPQ/nFlgWi/Z2Ymhyu21zVM98=",
        "owner": "hercules-ci",
        "repo": "flake-parts",
        "rev": "9305fe4e5c2a6fcf5ba6a3ff155720fbe4076569",
        "type": "github"
      },
      "original": {
        "owner": "hercules-ci",
        "repo": "flake-parts",
        "type": "github"
      }
    },
    "flake-utils": {
      "inputs": {
        "systems": "systems"
      },
      "locked": {
        "lastModified": 1731533236,
        "narHash": "sha256-l0KFg5HjrsfsO/JpG+r7fRrqm12kzFHyUHqHCVpMMbI=",
        "owner": "numtide",
        "repo": "flake-utils",
        "rev": "11707dc2f618dd54ca8739b309ec4fc024de578b",
        "type": "github"
      },
      "original": {
        "owner": "numtide",
        "repo": "flake-utils",
        "type": "github"
      }
    },
    "home-manager": {
      "inputs": {
        "nixpkgs": [
          "nixpkgs-unstable"
        ]
      },
      "locked": {
        "lastModified": 1750614446,
        "narHash": "sha256-6WH0aRFay79r775RuTqUcnoZNm6A4uHxU1sbcNIk63s=",
        "owner": "nix-community",
        "repo": "home-manager",
        "rev": "7c35504839f915abec86a96435b881ead7eb6a2b",
        "type": "github"
      },
      "original": {
        "owner": "nix-community",
        "repo": "home-manager",
        "type": "github"
      }
    },
    "ixx": {
      "inputs": {
        "flake-utils": [
          "nixvim",
          "nuschtosSearch",
          "flake-utils"
        ],
        "nixpkgs": [
          "nixvim",
          "nuschtosSearch",
          "nixpkgs"
        ]
      },
      "locked": {
        "lastModified": 1748294338,
        "narHash": "sha256-FVO01jdmUNArzBS7NmaktLdGA5qA3lUMJ4B7a05Iynw=",
        "owner": "NuschtOS",
        "repo": "ixx",
        "rev": "cc5f390f7caf265461d4aab37e98d2292ebbdb85",
        "type": "github"
      },
      "original": {
        "owner": "NuschtOS",
        "ref": "v0.0.8",
        "repo": "ixx",
        "type": "github"
      }
    },
    "nix-colors": {
      "inputs": {
        "base16-schemes": "base16-schemes",
        "nixpkgs-lib": "nixpkgs-lib"
      },
      "locked": {
        "lastModified": 1707825078,
        "narHash": "sha256-hTfge2J2W+42SZ7VHXkf4kjU+qzFqPeC9k66jAUBMHk=",
        "owner": "misterio77",
        "repo": "nix-colors",
        "rev": "b01f024090d2c4fc3152cd0cf12027a7b8453ba1",
        "type": "github"
      },
      "original": {
        "owner": "misterio77",
        "repo": "nix-colors",
        "type": "github"
      }
    },
    "nix-flatpak": {
      "locked": {
        "lastModified": 1749394952,
        "narHash": "sha256-WbWkzIvB0gqAdBLghdmUpGveY7MlAS2iMj3VEJnJ9yE=",
        "owner": "gmodena",
        "repo": "nix-flatpak",
        "rev": "64c6e53a3999957c19ab95cda78bde466d8374cc",
        "type": "github"
      },
      "original": {
        "owner": "gmodena",
        "repo": "nix-flatpak",
        "type": "github"
      }
    },
    "nixpkgs-lib": {
      "locked": {
        "lastModified": 1697935651,
        "narHash": "sha256-qOfWjQ2JQSQL15KLh6D7xQhx0qgZlYZTYlcEiRuAMMw=",
        "owner": "nix-community",
        "repo": "nixpkgs.lib",
        "rev": "e1e11fdbb01113d85c7f41cada9d2847660e3902",
        "type": "github"
      },
      "original": {
        "owner": "nix-community",
        "repo": "nixpkgs.lib",
        "type": "github"
      }
    },
    "nixpkgs-stable": {
      "locked": {
        "lastModified": 1750330365,
        "narHash": "sha256-hJ7XMNVsTnnbV2NPmStCC07gvv5l2x7+Skb7hyUzazg=",
        "owner": "nixos",
        "repo": "nixpkgs",
        "rev": "d883b6213afa179b58ba8bace834f1419707d0ad",
        "type": "github"
      },
      "original": {
        "owner": "nixos",
        "ref": "nixos-24.11",
        "repo": "nixpkgs",
        "type": "github"
      }
    },
    "nixpkgs-unstable": {
      "locked": {
        "lastModified": 1750365781,
        "narHash": "sha256-XE/lFNhz5lsriMm/yjXkvSZz5DfvKJLUjsS6pP8EC50=",
        "owner": "nixos",
        "repo": "nixpkgs",
        "rev": "08f22084e6085d19bcfb4be30d1ca76ecb96fe54",
        "type": "github"
      },
      "original": {
        "owner": "nixos",
        "ref": "nixos-unstable",
        "repo": "nixpkgs",
        "type": "github"
      }
    },
    "nixvim": {
      "inputs": {
        "flake-parts": "flake-parts",
        "nixpkgs": [
          "nixpkgs-unstable"
        ],
        "nuschtosSearch": "nuschtosSearch",
        "systems": "systems_2"
      },
      "locked": {
        "lastModified": 1750618743,
        "narHash": "sha256-oVOZahr5nO9Q5yQqEpwwGZ7LP4l9mm86UhxNEGoc0k4=",
        "owner": "nix-community",
        "repo": "nixvim",
        "rev": "f79250de794fca8d0362a1c1467247568eb3d50c",
        "type": "github"
      },
      "original": {
        "owner": "nix-community",
        "repo": "nixvim",
        "type": "github"
      }
    },
    "nuschtosSearch": {
      "inputs": {
        "flake-utils": "flake-utils",
        "ixx": "ixx",
        "nixpkgs": [
          "nixvim",
          "nixpkgs"
        ]
      },
      "locked": {
        "lastModified": 1749730855,
        "narHash": "sha256-L3x2nSlFkXkM6tQPLJP3oCBMIsRifhIDPMQQdHO5xWo=",
        "owner": "NuschtOS",
        "repo": "search",
        "rev": "8dfe5879dd009ff4742b668d9c699bc4b9761742",
        "type": "github"
      },
      "original": {
        "owner": "NuschtOS",
        "repo": "search",
        "type": "github"
      }
    },
    "root": {
      "inputs": {
        "home-manager": "home-manager",
        "nix-colors": "nix-colors",
        "nix-flatpak": "nix-flatpak",
        "nixpkgs-stable": "nixpkgs-stable",
        "nixpkgs-unstable": "nixpkgs-unstable",
        "nixvim": "nixvim",
        "scripts": "scripts"
      }
    },
    "scripts": {
      "flake": false,
      "locked": {
        "lastModified": 1751798414,
        "narHash": "sha256-TJHzE9PhEAHFBJE7w4dQX5zYPTrC0FiiF6xkEn5nuDQ=",
        "owner": "d3ltaaa",
        "repo": "fscripts",
        "rev": "d487deec1b3a738d76bdb5c86befcf87bb3b6719",
        "type": "github"
      },
      "original": {
        "owner": "d3ltaaa",
        "repo": "fscripts",
        "type": "github"
      }
    },
    "systems": {
      "locked": {
        "lastModified": 1681028828,
        "narHash": "sha256-Vy1rq5AaRuLzOxct8nz4T6wlgyUR7zLU309k9mBC768=",
        "owner": "nix-systems",
        "repo": "default",
        "rev": "da67096a3b9bf56a91d16901293e51ba5b49a27e",
        "type": "github"
      },
      "original": {
        "owner": "nix-systems",
        "repo": "default",
        "type": "github"
      }
    },
    "systems_2": {
      "locked": {
        "lastModified": 1681028828,
        "narHash": "sha256-Vy1rq5AaRuLzOxct8nz4T6wlgyUR7zLU309k9mBC768=",
        "owner": "nix-systems",
        "repo": "default",
        "rev": "da67096a3b9bf56a91d16901293e51ba5b49a27e",
        "type": "github"
      },
      "original": {
        "owner": "nix-systems",
        "repo": "default",
        "type": "github"
      }
    }
  },
  "root": "root",
  "version": 7
}
